// !$*UTF8*$!
{
	archiveVersion = 1;
	classes = {
	};
	objectVersion = 50;
	objects = {

/* Begin PBXBuildFile section */
		232FD7AC22254CF30078160F /* TNStringTests.swift in Sources */ = {isa = PBXBuildFile; fileRef = 232FD7AB22254CF30078160F /* TNStringTests.swift */; };
		239359B122253E860057383E /* AppDelegate.swift in Sources */ = {isa = PBXBuildFile; fileRef = 239359B022253E860057383E /* AppDelegate.swift */; };
		239359B322253E870057383E /* ViewController.swift in Sources */ = {isa = PBXBuildFile; fileRef = 239359B222253E870057383E /* ViewController.swift */; };
		239359B622253E870057383E /* Main.storyboard in Resources */ = {isa = PBXBuildFile; fileRef = 239359B422253E870057383E /* Main.storyboard */; };
		239359B822253E870057383E /* Assets.xcassets in Resources */ = {isa = PBXBuildFile; fileRef = 239359B722253E870057383E /* Assets.xcassets */; };
		239359BB22253E870057383E /* LaunchScreen.storyboard in Resources */ = {isa = PBXBuildFile; fileRef = 239359B922253E870057383E /* LaunchScreen.storyboard */; };
		239359C622253E880057383E /* TNKitCodeTests.swift in Sources */ = {isa = PBXBuildFile; fileRef = 239359C522253E880057383E /* TNKitCodeTests.swift */; };
		239359D122253E880057383E /* TNKitCodeUITests.swift in Sources */ = {isa = PBXBuildFile; fileRef = 239359D022253E880057383E /* TNKitCodeUITests.swift */; };
		239359E022253F0A0057383E /* StringExtensions.swift in Sources */ = {isa = PBXBuildFile; fileRef = 239359DF22253F0A0057383E /* StringExtensions.swift */; };
/* End PBXBuildFile section */

/* Begin PBXContainerItemProxy section */
		239359C222253E880057383E /* PBXContainerItemProxy */ = {
			isa = PBXContainerItemProxy;
			containerPortal = 239359A522253E860057383E /* Project object */;
			proxyType = 1;
			remoteGlobalIDString = 239359AC22253E860057383E;
			remoteInfo = TNKitCode;
		};
		239359CD22253E880057383E /* PBXContainerItemProxy */ = {
			isa = PBXContainerItemProxy;
			containerPortal = 239359A522253E860057383E /* Project object */;
			proxyType = 1;
			remoteGlobalIDString = 239359AC22253E860057383E;
			remoteInfo = TNKitCode;
		};
/* End PBXContainerItemProxy section */

/* Begin PBXFileReference section */
		232FD7AB22254CF30078160F /* TNStringTests.swift */ = {isa = PBXFileReference; lastKnownFileType = sourcecode.swift; path = TNStringTests.swift; sourceTree = "<group>"; };
		232FD7AE2227E2AC0078160F /* MyPlayground.playground */ = {isa = PBXFileReference; lastKnownFileType = file.playground; path = MyPlayground.playground; sourceTree = "<group>"; xcLanguageSpecificationIdentifier = xcode.lang.swift; };
		239359AD22253E860057383E /* TNKitCode.app */ = {isa = PBXFileReference; explicitFileType = wrapper.application; includeInIndex = 0; path = TNKitCode.app; sourceTree = BUILT_PRODUCTS_DIR; };
		239359B022253E860057383E /* AppDelegate.swift */ = {isa = PBXFileReference; lastKnownFileType = sourcecode.swift; path = AppDelegate.swift; sourceTree = "<group>"; };
		239359B222253E870057383E /* ViewController.swift */ = {isa = PBXFileReference; lastKnownFileType = sourcecode.swift; path = ViewController.swift; sourceTree = "<group>"; };
		239359B522253E870057383E /* Base */ = {isa = PBXFileReference; lastKnownFileType = file.storyboard; name = Base; path = Base.lproj/Main.storyboard; sourceTree = "<group>"; };
		239359B722253E870057383E /* Assets.xcassets */ = {isa = PBXFileReference; lastKnownFileType = folder.assetcatalog; path = Assets.xcassets; sourceTree = "<group>"; };
		239359BA22253E870057383E /* Base */ = {isa = PBXFileReference; lastKnownFileType = file.storyboard; name = Base; path = Base.lproj/LaunchScreen.storyboard; sourceTree = "<group>"; };
		239359BC22253E870057383E /* Info.plist */ = {isa = PBXFileReference; lastKnownFileType = text.plist.xml; path = Info.plist; sourceTree = "<group>"; };
		239359C122253E880057383E /* TNKitCodeTests.xctest */ = {isa = PBXFileReference; explicitFileType = wrapper.cfbundle; includeInIndex = 0; path = TNKitCodeTests.xctest; sourceTree = BUILT_PRODUCTS_DIR; };
		239359C522253E880057383E /* TNKitCodeTests.swift */ = {isa = PBXFileReference; lastKnownFileType = sourcecode.swift; path = TNKitCodeTests.swift; sourceTree = "<group>"; };
		239359C722253E880057383E /* Info.plist */ = {isa = PBXFileReference; lastKnownFileType = text.plist.xml; path = Info.plist; sourceTree = "<group>"; };
		239359CC22253E880057383E /* TNKitCodeUITests.xctest */ = {isa = PBXFileReference; explicitFileType = wrapper.cfbundle; includeInIndex = 0; path = TNKitCodeUITests.xctest; sourceTree = BUILT_PRODUCTS_DIR; };
		239359D022253E880057383E /* TNKitCodeUITests.swift */ = {isa = PBXFileReference; lastKnownFileType = sourcecode.swift; path = TNKitCodeUITests.swift; sourceTree = "<group>"; };
		239359D222253E880057383E /* Info.plist */ = {isa = PBXFileReference; lastKnownFileType = text.plist.xml; path = Info.plist; sourceTree = "<group>"; };
		239359DF22253F0A0057383E /* StringExtensions.swift */ = {isa = PBXFileReference; lastKnownFileType = sourcecode.swift; path = StringExtensions.swift; sourceTree = "<group>"; };
/* End PBXFileReference section */

/* Begin PBXFrameworksBuildPhase section */
		239359AA22253E860057383E /* Frameworks */ = {
			isa = PBXFrameworksBuildPhase;
			buildActionMask = 2147483647;
			files = (
			);
			runOnlyForDeploymentPostprocessing = 0;
		};
		239359BE22253E880057383E /* Frameworks */ = {
			isa = PBXFrameworksBuildPhase;
			buildActionMask = 2147483647;
			files = (
			);
			runOnlyForDeploymentPostprocessing = 0;
		};
		239359C922253E880057383E /* Frameworks */ = {
			isa = PBXFrameworksBuildPhase;
			buildActionMask = 2147483647;
			files = (
			);
			runOnlyForDeploymentPostprocessing = 0;
		};
/* End PBXFrameworksBuildPhase section */

/* Begin PBXGroup section */
		232FD7AD22254E940078160F /* String */ = {
			isa = PBXGroup;
			children = (
				232FD7AB22254CF30078160F /* TNStringTests.swift */,
			);
			name = String;
			path = "New Group";
			sourceTree = "<group>";
		};
		239359A422253E860057383E = {
			isa = PBXGroup;
			children = (
				239359AF22253E860057383E /* TNKitCode */,
				239359C422253E880057383E /* TNKitCodeTests */,
				239359CF22253E880057383E /* TNKitCodeUITests */,
				239359AE22253E860057383E /* Products */,
			);
			sourceTree = "<group>";
		};
		239359AE22253E860057383E /* Products */ = {
			isa = PBXGroup;
			children = (
				239359AD22253E860057383E /* TNKitCode.app */,
				239359C122253E880057383E /* TNKitCodeTests.xctest */,
				239359CC22253E880057383E /* TNKitCodeUITests.xctest */,
			);
			name = Products;
			sourceTree = "<group>";
		};
		239359AF22253E860057383E /* TNKitCode */ = {
			isa = PBXGroup;
			children = (
				232FD7AE2227E2AC0078160F /* MyPlayground.playground */,
				239359DE22253EA90057383E /* Extension */,
				239359B022253E860057383E /* AppDelegate.swift */,
				239359B222253E870057383E /* ViewController.swift */,
				239359B422253E870057383E /* Main.storyboard */,
				239359B722253E870057383E /* Assets.xcassets */,
				239359B922253E870057383E /* LaunchScreen.storyboard */,
				239359BC22253E870057383E /* Info.plist */,
			);
			path = TNKitCode;
			sourceTree = "<group>";
		};
		239359C422253E880057383E /* TNKitCodeTests */ = {
			isa = PBXGroup;
			children = (
				232FD7AD22254E940078160F /* String */,
				239359C522253E880057383E /* TNKitCodeTests.swift */,
				239359C722253E880057383E /* Info.plist */,
			);
			path = TNKitCodeTests;
			sourceTree = "<group>";
		};
		239359CF22253E880057383E /* TNKitCodeUITests */ = {
			isa = PBXGroup;
			children = (
				239359D022253E880057383E /* TNKitCodeUITests.swift */,
				239359D222253E880057383E /* Info.plist */,
			);
			path = TNKitCodeUITests;
			sourceTree = "<group>";
		};
		239359DE22253EA90057383E /* Extension */ = {
			isa = PBXGroup;
			children = (
				239359DF22253F0A0057383E /* StringExtensions.swift */,
			);
			path = Extension;
			sourceTree = "<group>";
		};
/* End PBXGroup section */

/* Begin PBXNativeTarget section */
		239359AC22253E860057383E /* TNKitCode */ = {
			isa = PBXNativeTarget;
			buildConfigurationList = 239359D522253E880057383E /* Build configuration list for PBXNativeTarget "TNKitCode" */;
			buildPhases = (
				239359A922253E860057383E /* Sources */,
				239359AA22253E860057383E /* Frameworks */,
				239359AB22253E860057383E /* Resources */,
			);
			buildRules = (
			);
			dependencies = (
			);
			name = TNKitCode;
			productName = TNKitCode;
			productReference = 239359AD22253E860057383E /* TNKitCode.app */;
			productType = "com.apple.product-type.application";
		};
		239359C022253E880057383E /* TNKitCodeTests */ = {
			isa = PBXNativeTarget;
			buildConfigurationList = 239359D822253E880057383E /* Build configuration list for PBXNativeTarget "TNKitCodeTests" */;
			buildPhases = (
				239359BD22253E880057383E /* Sources */,
				239359BE22253E880057383E /* Frameworks */,
				239359BF22253E880057383E /* Resources */,
			);
			buildRules = (
			);
			dependencies = (
				239359C322253E880057383E /* PBXTargetDependency */,
			);
			name = TNKitCodeTests;
			productName = TNKitCodeTests;
			productReference = 239359C122253E880057383E /* TNKitCodeTests.xctest */;
			productType = "com.apple.product-type.bundle.unit-test";
		};
		239359CB22253E880057383E /* TNKitCodeUITests */ = {
			isa = PBXNativeTarget;
			buildConfigurationList = 239359DB22253E880057383E /* Build configuration list for PBXNativeTarget "TNKitCodeUITests" */;
			buildPhases = (
				239359C822253E880057383E /* Sources */,
				239359C922253E880057383E /* Frameworks */,
				239359CA22253E880057383E /* Resources */,
			);
			buildRules = (
			);
			dependencies = (
				239359CE22253E880057383E /* PBXTargetDependency */,
			);
			name = TNKitCodeUITests;
			productName = TNKitCodeUITests;
			productReference = 239359CC22253E880057383E /* TNKitCodeUITests.xctest */;
			productType = "com.apple.product-type.bundle.ui-testing";
		};
/* End PBXNativeTarget section */

/* Begin PBXProject section */
		239359A522253E860057383E /* Project object */ = {
			isa = PBXProject;
			attributes = {
				LastSwiftUpdateCheck = 1010;
				LastUpgradeCheck = 1010;
				ORGANIZATIONNAME = "Truong Nguyen Nhut";
				TargetAttributes = {
					239359AC22253E860057383E = {
						CreatedOnToolsVersion = 10.1;
					};
					239359C022253E880057383E = {
						CreatedOnToolsVersion = 10.1;
						TestTargetID = 239359AC22253E860057383E;
					};
					239359CB22253E880057383E = {
						CreatedOnToolsVersion = 10.1;
						TestTargetID = 239359AC22253E860057383E;
					};
				};
			};
			buildConfigurationList = 239359A822253E860057383E /* Build configuration list for PBXProject "TNKitCode" */;
			compatibilityVersion = "Xcode 9.3";
			developmentRegion = en;
			hasScannedForEncodings = 0;
			knownRegions = (
				en,
				Base,
			);
			mainGroup = 239359A422253E860057383E;
			productRefGroup = 239359AE22253E860057383E /* Products */;
			projectDirPath = "";
			projectRoot = "";
			targets = (
				239359AC22253E860057383E /* TNKitCode */,
				239359C022253E880057383E /* TNKitCodeTests */,
				239359CB22253E880057383E /* TNKitCodeUITests */,
			);
		};
/* End PBXProject section */

/* Begin PBXResourcesBuildPhase section */
		239359AB22253E860057383E /* Resources */ = {
			isa = PBXResourcesBuildPhase;
			buildActionMask = 2147483647;
			files = (
				239359BB22253E870057383E /* LaunchScreen.storyboard in Resources */,
				239359B822253E870057383E /* Assets.xcassets in Resources */,
				239359B622253E870057383E /* Main.storyboard in Resources */,
			);
			runOnlyForDeploymentPostprocessing = 0;
		};
		239359BF22253E880057383E /* Resources */ = {
			isa = PBXResourcesBuildPhase;
			buildActionMask = 2147483647;
			files = (
			);
			runOnlyForDeploymentPostprocessing = 0;
		};
		239359CA22253E880057383E /* Resources */ = {
			isa = PBXResourcesBuildPhase;
			buildActionMask = 2147483647;
			files = (
			);
			runOnlyForDeploymentPostprocessing = 0;
		};
/* End PBXResourcesBuildPhase section */

/* Begin PBXSourcesBuildPhase section */
		239359A922253E860057383E /* Sources */ = {
			isa = PBXSourcesBuildPhase;
			buildActionMask = 2147483647;
			files = (
				239359E022253F0A0057383E /* StringExtensions.swift in Sources */,
				239359B322253E870057383E /* ViewController.swift in Sources */,
				239359B122253E860057383E /* AppDelegate.swift in Sources */,
			);
			runOnlyForDeploymentPostprocessing = 0;
		};
		239359BD22253E880057383E /* Sources */ = {
			isa = PBXSourcesBuildPhase;
			buildActionMask = 2147483647;
			files = (
				232FD7AC22254CF30078160F /* TNStringTests.swift in Sources */,
				239359C622253E880057383E /* TNKitCodeTests.swift in Sources */,
			);
			runOnlyForDeploymentPostprocessing = 0;
		};
		239359C822253E880057383E /* Sources */ = {
			isa = PBXSourcesBuildPhase;
			buildActionMask = 2147483647;
			files = (
				239359D122253E880057383E /* TNKitCodeUITests.swift in Sources */,
			);
			runOnlyForDeploymentPostprocessing = 0;
		};
/* End PBXSourcesBuildPhase section */

/* Begin PBXTargetDependency section */
		239359C322253E880057383E /* PBXTargetDependency */ = {
			isa = PBXTargetDependency;
			target = 239359AC22253E860057383E /* TNKitCode */;
			targetProxy = 239359C222253E880057383E /* PBXContainerItemProxy */;
		};
		239359CE22253E880057383E /* PBXTargetDependency */ = {
			isa = PBXTargetDependency;
			target = 239359AC22253E860057383E /* TNKitCode */;
			targetProxy = 239359CD22253E880057383E /* PBXContainerItemProxy */;
		};
/* End PBXTargetDependency section */

/* Begin PBXVariantGroup section */
		239359B422253E870057383E /* Main.storyboard */ = {
			isa = PBXVariantGroup;
			children = (
				239359B522253E870057383E /* Base */,
			);
			name = Main.storyboard;
			sourceTree = "<group>";
		};
		239359B922253E870057383E /* LaunchScreen.storyboard */ = {
			isa = PBXVariantGroup;
			children = (
				239359BA22253E870057383E /* Base */,
			);
			name = LaunchScreen.storyboard;
			sourceTree = "<group>";
		};
/* End PBXVariantGroup section */

/* Begin XCBuildConfiguration section */
		239359D322253E880057383E /* Debug */ = {
			isa = XCBuildConfiguration;
			buildSettings = {
				ALWAYS_SEARCH_USER_PATHS = NO;
				CLANG_ANALYZER_NONNULL = YES;
				CLANG_ANALYZER_NUMBER_OBJECT_CONVERSION = YES_AGGRESSIVE;
				CLANG_CXX_LANGUAGE_STANDARD = "gnu++14";
				CLANG_CXX_LIBRARY = "libc++";
				CLANG_ENABLE_MODULES = YES;
				CLANG_ENABLE_OBJC_ARC = YES;
				CLANG_ENABLE_OBJC_WEAK = YES;
				CLANG_WARN_BLOCK_CAPTURE_AUTORELEASING = YES;
				CLANG_WARN_BOOL_CONVERSION = YES;
				CLANG_WARN_COMMA = YES;
				CLANG_WARN_CONSTANT_CONVERSION = YES;
				CLANG_WARN_DEPRECATED_OBJC_IMPLEMENTATIONS = YES;
				CLANG_WARN_DIRECT_OBJC_ISA_USAGE = YES_ERROR;
				CLANG_WARN_DOCUMENTATION_COMMENTS = YES;
				CLANG_WARN_EMPTY_BODY = YES;
				CLANG_WARN_ENUM_CONVERSION = YES;
				CLANG_WARN_INFINITE_RECURSION = YES;
				CLANG_WARN_INT_CONVERSION = YES;
				CLANG_WARN_NON_LITERAL_NULL_CONVERSION = YES;
				CLANG_WARN_OBJC_IMPLICIT_RETAIN_SELF = YES;
				CLANG_WARN_OBJC_LITERAL_CONVERSION = YES;
				CLANG_WARN_OBJC_ROOT_CLASS = YES_ERROR;
				CLANG_WARN_RANGE_LOOP_ANALYSIS = YES;
				CLANG_WARN_STRICT_PROTOTYPES = YES;
				CLANG_WARN_SUSPICIOUS_MOVE = YES;
				CLANG_WARN_UNGUARDED_AVAILABILITY = YES_AGGRESSIVE;
				CLANG_WARN_UNREACHABLE_CODE = YES;
				CLANG_WARN__DUPLICATE_METHOD_MATCH = YES;
				CODE_SIGN_IDENTITY = "iPhone Developer";
				COPY_PHASE_STRIP = NO;
				DEBUG_INFORMATION_FORMAT = dwarf;
				ENABLE_STRICT_OBJC_MSGSEND = YES;
				ENABLE_TESTABILITY = YES;
				GCC_C_LANGUAGE_STANDARD = gnu11;
				GCC_DYNAMIC_NO_PIC = NO;
				GCC_NO_COMMON_BLOCKS = YES;
				GCC_OPTIMIZATION_LEVEL = 0;
				GCC_PREPROCESSOR_DEFINITIONS = (
					"DEBUG=1",
					"$(inherited)",
				);
				GCC_WARN_64_TO_32_BIT_CONVERSION = YES;
				GCC_WARN_ABOUT_RETURN_TYPE = YES_ERROR;
				GCC_WARN_UNDECLARED_SELECTOR = YES;
				GCC_WARN_UNINITIALIZED_AUTOS = YES_AGGRESSIVE;
				GCC_WARN_UNUSED_FUNCTION = YES;
				GCC_WARN_UNUSED_VARIABLE = YES;
				IPHONEOS_DEPLOYMENT_TARGET = 12.1;
				MTL_ENABLE_DEBUG_INFO = INCLUDE_SOURCE;
				MTL_FAST_MATH = YES;
				ONLY_ACTIVE_ARCH = YES;
				SDKROOT = iphoneos;
				SWIFT_ACTIVE_COMPILATION_CONDITIONS = DEBUG;
				SWIFT_OPTIMIZATION_LEVEL = "-Onone";
			};
			name = Debug;
		};
		239359D422253E880057383E /* Release */ = {
			isa = XCBuildConfiguration;
			buildSettings = {
				ALWAYS_SEARCH_USER_PATHS = NO;
				CLANG_ANALYZER_NONNULL = YES;
				CLANG_ANALYZER_NUMBER_OBJECT_CONVERSION = YES_AGGRESSIVE;
				CLANG_CXX_LANGUAGE_STANDARD = "gnu++14";
				CLANG_CXX_LIBRARY = "libc++";
				CLANG_ENABLE_MODULES = YES;
				CLANG_ENABLE_OBJC_ARC = YES;
				CLANG_ENABLE_OBJC_WEAK = YES;
				CLANG_WARN_BLOCK_CAPTURE_AUTORELEASING = YES;
				CLANG_WARN_BOOL_CONVERSION = YES;
				CLANG_WARN_COMMA = YES;
				CLANG_WARN_CONSTANT_CONVERSION = YES;
				CLANG_WARN_DEPRECATED_OBJC_IMPLEMENTATIONS = YES;
				CLANG_WARN_DIRECT_OBJC_ISA_USAGE = YES_ERROR;
				CLANG_WARN_DOCUMENTATION_COMMENTS = YES;
				CLANG_WARN_EMPTY_BODY = YES;
				CLANG_WARN_ENUM_CONVERSION = YES;
				CLANG_WARN_INFINITE_RECURSION = YES;
				CLANG_WARN_INT_CONVERSION = YES;
				CLANG_WARN_NON_LITERAL_NULL_CONVERSION = YES;
				CLANG_WARN_OBJC_IMPLICIT_RETAIN_SELF = YES;
				CLANG_WARN_OBJC_LITERAL_CONVERSION = YES;
				CLANG_WARN_OBJC_ROOT_CLASS = YES_ERROR;
				CLANG_WARN_RANGE_LOOP_ANALYSIS = YES;
				CLANG_WARN_STRICT_PROTOTYPES = YES;
				CLANG_WARN_SUSPICIOUS_MOVE = YES;
				CLANG_WARN_UNGUARDED_AVAILABILITY = YES_AGGRESSIVE;
				CLANG_WARN_UNREACHABLE_CODE = YES;
				CLANG_WARN__DUPLICATE_METHOD_MATCH = YES;
				CODE_SIGN_IDENTITY = "iPhone Developer";
				COPY_PHASE_STRIP = NO;
				DEBUG_INFORMATION_FORMAT = "dwarf-with-dsym";
				ENABLE_NS_ASSERTIONS = NO;
				ENABLE_STRICT_OBJC_MSGSEND = YES;
				GCC_C_LANGUAGE_STANDARD = gnu11;
				GCC_NO_COMMON_BLOCKS = YES;
				GCC_WARN_64_TO_32_BIT_CONVERSION = YES;
				GCC_WARN_ABOUT_RETURN_TYPE = YES_ERROR;
				GCC_WARN_UNDECLARED_SELECTOR = YES;
				GCC_WARN_UNINITIALIZED_AUTOS = YES_AGGRESSIVE;
				GCC_WARN_UNUSED_FUNCTION = YES;
				GCC_WARN_UNUSED_VARIABLE = YES;
				IPHONEOS_DEPLOYMENT_TARGET = 12.1;
				MTL_ENABLE_DEBUG_INFO = NO;
				MTL_FAST_MATH = YES;
				SDKROOT = iphoneos;
				SWIFT_COMPILATION_MODE = wholemodule;
				SWIFT_OPTIMIZATION_LEVEL = "-O";
				VALIDATE_PRODUCT = YES;
			};
			name = Release;
		};
		239359D622253E880057383E /* Debug */ = {
			isa = XCBuildConfiguration;
			buildSettings = {
				ASSETCATALOG_COMPILER_APPICON_NAME = AppIcon;
				CODE_SIGN_STYLE = Automatic;
				INFOPLIST_FILE = TNKitCode/Info.plist;
				LD_RUNPATH_SEARCH_PATHS = (
					"$(inherited)",
					"@executable_path/Frameworks",
				);
				PRODUCT_BUNDLE_IDENTIFIER = truong.me.TNKitCode;
				PRODUCT_NAME = "$(TARGET_NAME)";
				SWIFT_VERSION = 4.2;
				TARGETED_DEVICE_FAMILY = "1,2";
			};
			name = Debug;
		};
		239359D722253E880057383E /* Release */ = {
			isa = XCBuildConfiguration;
			buildSettings = {
				ASSETCATALOG_COMPILER_APPICON_NAME = AppIcon;
				CODE_SIGN_STYLE = Automatic;
				INFOPLIST_FILE = TNKitCode/Info.plist;
				LD_RUNPATH_SEARCH_PATHS = (
					"$(inherited)",
					"@executable_path/Frameworks",
				);
				PRODUCT_BUNDLE_IDENTIFIER = truong.me.TNKitCode;
				PRODUCT_NAME = "$(TARGET_NAME)";
				SWIFT_VERSION = 4.2;
				TARGETED_DEVICE_FAMILY = "1,2";
			};
			name = Release;
		};
		239359D922253E880057383E /* Debug */ = {
			isa = XCBuildConfiguration;
			buildSettings = {
				ALWAYS_EMBED_SWIFT_STANDARD_LIBRARIES = YES;
				BUNDLE_LOADER = "$(TEST_HOST)";
				CODE_SIGN_STYLE = Automatic;
				INFOPLIST_FILE = TNKitCodeTests/Info.plist;
				LD_RUNPATH_SEARCH_PATHS = (
					"$(inherited)",
					"@executable_path/Frameworks",
					"@loader_path/Frameworks",
				);
				PRODUCT_BUNDLE_IDENTIFIER = truong.me.TNKitCodeTests;
				PRODUCT_NAME = "$(TARGET_NAME)";
				SWIFT_VERSION = 4.2;
				TARGETED_DEVICE_FAMILY = "1,2";
				TEST_HOST = "$(BUILT_PRODUCTS_DIR)/TNKitCode.app/TNKitCode";
			};
			name = Debug;
		};
		239359DA22253E880057383E /* Release */ = {
			isa = XCBuildConfiguration;
			buildSettings = {
				ALWAYS_EMBED_SWIFT_STANDARD_LIBRARIES = YES;
				BUNDLE_LOADER = "$(TEST_HOST)";
				CODE_SIGN_STYLE = Automatic;
				INFOPLIST_FILE = TNKitCodeTests/Info.plist;
				LD_RUNPATH_SEARCH_PATHS = (
					"$(inherited)",
					"@executable_path/Frameworks",
					"@loader_path/Frameworks",
				);
				PRODUCT_BUNDLE_IDENTIFIER = truong.me.TNKitCodeTests;
				PRODUCT_NAME = "$(TARGET_NAME)";
				SWIFT_VERSION = 4.2;
				TARGETED_DEVICE_FAMILY = "1,2";
				TEST_HOST = "$(BUILT_PRODUCTS_DIR)/TNKitCode.app/TNKitCode";
			};
			name = Release;
		};
		239359DC22253E880057383E /* Debug */ = {
			isa = XCBuildConfiguration;
			buildSettings = {
				ALWAYS_EMBED_SWIFT_STANDARD_LIBRARIES = YES;
				CODE_SIGN_STYLE = Automatic;
				INFOPLIST_FILE = TNKitCodeUITests/Info.plist;
				LD_RUNPATH_SEARCH_PATHS = (
					"$(inherited)",
					"@executable_path/Frameworks",
					"@loader_path/Frameworks",
				);
				PRODUCT_BUNDLE_IDENTIFIER = truong.me.TNKitCodeUITests;
				PRODUCT_NAME = "$(TARGET_NAME)";
				SWIFT_VERSION = 4.2;
				TARGETED_DEVICE_FAMILY = "1,2";
				TEST_TARGET_NAME = TNKitCode;
			};
			name = Debug;
		};
		239359DD22253E880057383E /* Release */ = {
			isa = XCBuildConfiguration;
			buildSettings = {
				ALWAYS_EMBED_SWIFT_STANDARD_LIBRARIES = YES;
				CODE_SIGN_STYLE = Automatic;
				INFOPLIST_FILE = TNKitCodeUITests/Info.plist;
				LD_RUNPATH_SEARCH_PATHS = (
					"$(inherited)",
					"@executable_path/Frameworks",
					"@loader_path/Frameworks",
				);
				PRODUCT_BUNDLE_IDENTIFIER = truong.me.TNKitCodeUITests;
				PRODUCT_NAME = "$(TARGET_NAME)";
				SWIFT_VERSION = 4.2;
				TARGETED_DEVICE_FAMILY = "1,2";
				TEST_TARGET_NAME = TNKitCode;
			};
			name = Release;
		};
/* End XCBuildConfiguration section */

/* Begin XCConfigurationList section */
		239359A822253E860057383E /* Build configuration list for PBXProject "TNKitCode" */ = {
			isa = XCConfigurationList;
			buildConfigurations = (
				239359D322253E880057383E /* Debug */,
				239359D422253E880057383E /* Release */,
			);
			defaultConfigurationIsVisible = 0;
			defaultConfigurationName = Release;
		};
		239359D522253E880057383E /* Build configuration list for PBXNativeTarget "TNKitCode" */ = {
			isa = XCConfigurationList;
			buildConfigurations = (
				239359D622253E880057383E /* Debug */,
				239359D722253E880057383E /* Release */,
			);
			defaultConfigurationIsVisible = 0;
			defaultConfigurationName = Release;
		};
		239359D822253E880057383E /* Build configuration list for PBXNativeTarget "TNKitCodeTests" */ = {
			isa = XCConfigurationList;
			buildConfigurations = (
				239359D922253E880057383E /* Debug */,
				239359DA22253E880057383E /* Release */,
			);
			defaultConfigurationIsVisible = 0;
			defaultConfigurationName = Release;
		};
		239359DB22253E880057383E /* Build configuration list for PBXNativeTarget "TNKitCodeUITests" */ = {
			isa = XCConfigurationList;
			buildConfigurations = (
				239359DC22253E880057383E /* Debug */,
				239359DD22253E880057383E /* Release */,
			);
			defaultConfigurationIsVisible = 0;
			defaultConfigurationName = Release;
		};
/* End XCConfigurationList section */
	};
	rootObject = 239359A522253E860057383E /* Project object */;
}
